
Microsoft Visual Studio Solution File, Format Version 12.00
# Visual Studio Version 16
VisualStudioVersion = 16.0.29009.5
MinimumVisualStudioVersion = 10.0.40219.1
Project("{9A19103F-16F7-4668-BE54-9A1E7A4F7556}") = "NetBLog.Api", "NetBLog.Api\NetBLog.Api.csproj", "{3F9B024A-7C13-476F-BBD4-C99EA42784EA}"
EndProject
Project("{9A19103F-16F7-4668-BE54-9A1E7A4F7556}") = "NetBLog.Contract", "NetBLog.Contract\NetBLog.Contract.csproj", "{1C763B25-AD65-4751-AEBB-3806768512B2}"
EndProject
Project("{9A19103F-16F7-4668-BE54-9A1E7A4F7556}") = "NetBLog.Service", "NetBLog.Core\NetBLog.Service.csproj", "{3C1221A5-FE3F-4521-A1B8-26A18AC8A7DF}"
EndProject
Project("{9A19103F-16F7-4668-BE54-9A1E7A4F7556}") = "NetBLog.Data", "NetBLog.Data\NetBLog.Data.csproj", "{E211BCEE-A46E-4740-BC46-595B3B95D3FB}"
EndProject
Project("{2150E333-8FDC-42A3-9474-1A3956D46DE8}") = "1.Domain", "1.Domain", "{927105B2-5828-41AE-ACE1-46CFB5DA123C}"
EndProject
Project("{9A19103F-16F7-4668-BE54-9A1E7A4F7556}") = "NetBLog.Repository", "NetBLogProject.Repository\NetBLog.Repository.csproj", "{644A7CA6-3171-498B-B12F-0056C37EF24A}"
EndProject
Project("{2150E333-8FDC-42A3-9474-1A3956D46DE8}") = "2.Repository", "2.Repository", "{EE055ECD-6440-4ED8-B38B-72ADF29DAC64}"
EndProject
Project("{9A19103F-16F7-4668-BE54-9A1E7A4F7556}") = "NetBLog.Entity", "NetBLogProject.Entity\NetBLog.Entity.csproj", "{491E36D0-82E8-4FF8-A68D-F34DE56543EB}"
EndProject
Project("{2150E333-8FDC-42A3-9474-1A3956D46DE8}") = "3.Business", "3.Business", "{13C05C65-8458-4DBA-8958-D87A24B0DB50}"
EndProject
Project("{2150E333-8FDC-42A3-9474-1A3956D46DE8}") = "4.UI", "4.UI", "{93BD7FCA-84AB-4CC5-B013-34A76B83A96E}"
EndProject
Project("{9A19103F-16F7-4668-BE54-9A1E7A4F7556}") = "NetBLog.Common", "NetBLog.Common\NetBLog.Common.csproj", "{527A5B6B-970A-4A5F-96E8-1EDCB2C13220}"
EndProject
Project("{2150E333-8FDC-42A3-9474-1A3956D46DE8}") = "Solution Items", "Solution Items", "{2BC3FDF0-CFFD-4907-B232-AF2DB98A8F58}"
	ProjectSection(SolutionItems) = preProject
		Readme.md = Readme.md
	EndProjectSection
EndProject
Project("{9A19103F-16F7-4668-BE54-9A1E7A4F7556}") = "NetBLog.Resources", "NetBLog.Resources\NetBLog.Resources.csproj", "{537FE63E-3CFE-428F-B4F1-90637B5D3191}"
EndProject
Project("{FAE04EC0-301F-11D3-BF4B-00C04F79EFBC}") = "NetBLog.Web", "NetBLog.Web\NetBLog.Web.csproj", "{0ADB301C-4A3F-4A8A-B78F-9E0BAB94DB09}"
EndProject
Global
	GlobalSection(SolutionConfigurationPlatforms) = preSolution
		Debug|Any CPU = Debug|Any CPU
		Release|Any CPU = Release|Any CPU
	EndGlobalSection
	GlobalSection(ProjectConfigurationPlatforms) = postSolution
		{3F9B024A-7C13-476F-BBD4-C99EA42784EA}.Debug|Any CPU.ActiveCfg = Debug|Any CPU
		{3F9B024A-7C13-476F-BBD4-C99EA42784EA}.Debug|Any CPU.Build.0 = Debug|Any CPU
		{3F9B024A-7C13-476F-BBD4-C99EA42784EA}.Release|Any CPU.ActiveCfg = Release|Any CPU
		{3F9B024A-7C13-476F-BBD4-C99EA42784EA}.Release|Any CPU.Build.0 = Release|Any CPU
		{1C763B25-AD65-4751-AEBB-3806768512B2}.Debug|Any CPU.ActiveCfg = Debug|Any CPU
		{1C763B25-AD65-4751-AEBB-3806768512B2}.Debug|Any CPU.Build.0 = Debug|Any CPU
		{1C763B25-AD65-4751-AEBB-3806768512B2}.Release|Any CPU.ActiveCfg = Release|Any CPU
		{1C763B25-AD65-4751-AEBB-3806768512B2}.Release|Any CPU.Build.0 = Release|Any CPU
		{3C1221A5-FE3F-4521-A1B8-26A18AC8A7DF}.Debug|Any CPU.ActiveCfg = Debug|Any CPU
		{3C1221A5-FE3F-4521-A1B8-26A18AC8A7DF}.Debug|Any CPU.Build.0 = Debug|Any CPU
		{3C1221A5-FE3F-4521-A1B8-26A18AC8A7DF}.Release|Any CPU.ActiveCfg = Release|Any CPU
		{3C1221A5-FE3F-4521-A1B8-26A18AC8A7DF}.Release|Any CPU.Build.0 = Release|Any CPU
		{E211BCEE-A46E-4740-BC46-595B3B95D3FB}.Debug|Any CPU.ActiveCfg = Debug|Any CPU
		{E211BCEE-A46E-4740-BC46-595B3B95D3FB}.Debug|Any CPU.Build.0 = Debug|Any CPU
		{E211BCEE-A46E-4740-BC46-595B3B95D3FB}.Release|Any CPU.ActiveCfg = Release|Any CPU
		{E211BCEE-A46E-4740-BC46-595B3B95D3FB}.Release|Any CPU.Build.0 = Release|Any CPU
		{644A7CA6-3171-498B-B12F-0056C37EF24A}.Debug|Any CPU.ActiveCfg = Debug|Any CPU
		{644A7CA6-3171-498B-B12F-0056C37EF24A}.Debug|Any CPU.Build.0 = Debug|Any CPU
		{644A7CA6-3171-498B-B12F-0056C37EF24A}.Release|Any CPU.ActiveCfg = Release|Any CPU
		{644A7CA6-3171-498B-B12F-0056C37EF24A}.Release|Any CPU.Build.0 = Release|Any CPU
		{491E36D0-82E8-4FF8-A68D-F34DE56543EB}.Debug|Any CPU.ActiveCfg = Debug|Any CPU
		{491E36D0-82E8-4FF8-A68D-F34DE56543EB}.Debug|Any CPU.Build.0 = Debug|Any CPU
		{491E36D0-82E8-4FF8-A68D-F34DE56543EB}.Release|Any CPU.ActiveCfg = Release|Any CPU
		{491E36D0-82E8-4FF8-A68D-F34DE56543EB}.Release|Any CPU.Build.0 = Release|Any CPU
		{527A5B6B-970A-4A5F-96E8-1EDCB2C13220}.Debug|Any CPU.ActiveCfg = Debug|Any CPU
		{527A5B6B-970A-4A5F-96E8-1EDCB2C13220}.Debug|Any CPU.Build.0 = Debug|Any CPU
		{527A5B6B-970A-4A5F-96E8-1EDCB2C13220}.Release|Any CPU.ActiveCfg = Release|Any CPU
		{527A5B6B-970A-4A5F-96E8-1EDCB2C13220}.Release|Any CPU.Build.0 = Release|Any CPU
		{537FE63E-3CFE-428F-B4F1-90637B5D3191}.Debug|Any CPU.ActiveCfg = Debug|Any CPU
		{537FE63E-3CFE-428F-B4F1-90637B5D3191}.Debug|Any CPU.Build.0 = Debug|Any CPU
		{537FE63E-3CFE-428F-B4F1-90637B5D3191}.Release|Any CPU.ActiveCfg = Release|Any CPU
		{537FE63E-3CFE-428F-B4F1-90637B5D3191}.Release|Any CPU.Build.0 = Release|Any CPU
		{0ADB301C-4A3F-4A8A-B78F-9E0BAB94DB09}.Debug|Any CPU.ActiveCfg = Debug|Any CPU
		{0ADB301C-4A3F-4A8A-B78F-9E0BAB94DB09}.Debug|Any CPU.Build.0 = Debug|Any CPU
		{0ADB301C-4A3F-4A8A-B78F-9E0BAB94DB09}.Release|Any CPU.ActiveCfg = Release|Any CPU
		{0ADB301C-4A3F-4A8A-B78F-9E0BAB94DB09}.Release|Any CPU.Build.0 = Release|Any CPU
	EndGlobalSection
	GlobalSection(SolutionProperties) = preSolution
		HideSolutionNode = FALSE
	EndGlobalSection
	GlobalSection(NestedProjects) = preSolution
		{3F9B024A-7C13-476F-BBD4-C99EA42784EA} = {93BD7FCA-84AB-4CC5-B013-34A76B83A96E}
		{1C763B25-AD65-4751-AEBB-3806768512B2} = {927105B2-5828-41AE-ACE1-46CFB5DA123C}
		{3C1221A5-FE3F-4521-A1B8-26A18AC8A7DF} = {13C05C65-8458-4DBA-8958-D87A24B0DB50}
		{E211BCEE-A46E-4740-BC46-595B3B95D3FB} = {EE055ECD-6440-4ED8-B38B-72ADF29DAC64}
		{644A7CA6-3171-498B-B12F-0056C37EF24A} = {EE055ECD-6440-4ED8-B38B-72ADF29DAC64}
		{491E36D0-82E8-4FF8-A68D-F34DE56543EB} = {927105B2-5828-41AE-ACE1-46CFB5DA123C}
		{527A5B6B-970A-4A5F-96E8-1EDCB2C13220} = {13C05C65-8458-4DBA-8958-D87A24B0DB50}
		{537FE63E-3CFE-428F-B4F1-90637B5D3191} = {13C05C65-8458-4DBA-8958-D87A24B0DB50}
		{0ADB301C-4A3F-4A8A-B78F-9E0BAB94DB09} = {93BD7FCA-84AB-4CC5-B013-34A76B83A96E}
	EndGlobalSection
	GlobalSection(ExtensibilityGlobals) = postSolution
		SolutionGuid = {0D0C0928-09F2-412C-A548-AEBE4AC4A93A}
	EndGlobalSection
EndGlobal
